{
  "version": 4,
  "terraform_version": "0.15.0",
  "serial": 26,
  "lineage": "02d566ea-e74c-a83a-797b-014edbca1bf3",
  "outputs": {},
  "resources": [
    {
      "mode": "managed",
      "type": "azurerm_mysql_database",
      "name": "es21",
      "provider": "provider[\"registry.terraform.io/hashicorp/azurerm\"]",
      "instances": [
        {
          "schema_version": 0,
          "attributes": {
            "charset": "utf8",
            "collation": "utf8_unicode_ci",
            "id": "/subscriptions/b673823f-8997-4343-85c5-67df9e834346/resourceGroups/Terraform-Azure-MySQL-ES21/providers/Microsoft.DBforMySQL/servers/mysql-server-es21/databases/es21db",
            "name": "es21db",
            "resource_group_name": "Terraform-Azure-MySQL-ES21",
            "server_name": "mysql-server-es21"
          },
          "sensitive_attributes": [],
          "private": "bnVsbA==",
          "dependencies": [
            "azurerm_mysql_server.es21",
            "azurerm_resource_group.es21"
          ]
        }
      ]
    },
    {
      "mode": "managed",
      "type": "azurerm_mysql_firewall_rule",
      "name": "demo",
      "provider": "provider[\"registry.terraform.io/hashicorp/azurerm\"]",
      "instances": [
        {
          "schema_version": 0,
          "attributes": {
            "end_ip_address": "*",
            "id": "/subscriptions/b673823f-8997-4343-85c5-67df9e834346/resourceGroups/Terraform-Azure-MySQL-ES21/providers/Microsoft.DBforMySQL/servers/mysql-server-es21/firewallRules/es21-demo",
            "name": "es21-demo",
            "resource_group_name": "Terraform-Azure-MySQL-ES21",
            "server_name": "mysql-server-es21",
            "start_ip_address": "*"
          },
          "sensitive_attributes": [],
          "private": "bnVsbA==",
          "dependencies": [
            "azurerm_mysql_server.es21",
            "azurerm_resource_group.es21"
          ]
        }
      ]
    },
    {
      "mode": "managed",
      "type": "azurerm_mysql_server",
      "name": "es21",
      "provider": "provider[\"registry.terraform.io/hashicorp/azurerm\"]",
      "instances": [
        {
          "schema_version": 0,
          "attributes": {
            "administrator_login": "mysqladminun",
            "administrator_login_password": "H@Sh1CoR3!",
            "fqdn": "mysql-server-es21.mysql.database.azure.com",
            "id": "/subscriptions/b673823f-8997-4343-85c5-67df9e834346/resourceGroups/Terraform-Azure-MySQL-ES21/providers/Microsoft.DBforMySQL/servers/mysql-server-es21",
            "location": "eastus",
            "name": "mysql-server-es21",
            "resource_group_name": "Terraform-Azure-MySQL-ES21",
            "sku": [
              {
                "capacity": 2,
                "family": "Gen5",
                "name": "B_Gen5_2",
                "tier": "Basic"
              }
            ],
            "sku_name": "B_Gen5_2",
            "ssl_enforcement": "Disabled",
            "storage_profile": [
              {
                "auto_grow": "Enabled",
                "backup_retention_days": 7,
                "geo_redundant_backup": "Disabled",
                "storage_mb": 5120
              }
            ],
            "tags": {},
            "version": "5.7"
          },
          "sensitive_attributes": [],
          "private": "bnVsbA==",
          "dependencies": [
            "azurerm_resource_group.es21"
          ]
        }
      ]
    },
    {
      "mode": "managed",
      "type": "azurerm_network_interface",
      "name": "es21",
      "provider": "provider[\"registry.terraform.io/hashicorp/azurerm\"]",
      "instances": [
        {
          "schema_version": 0,
          "attributes": {
            "applied_dns_servers": [],
            "dns_servers": [],
            "enable_accelerated_networking": false,
            "enable_ip_forwarding": false,
            "id": "/subscriptions/b673823f-8997-4343-85c5-67df9e834346/resourceGroups/Terraform-Azure-MySQL-ES21/providers/Microsoft.Network/networkInterfaces/es21",
            "internal_dns_name_label": "",
            "internal_fqdn": "",
            "ip_configuration": [
              {
                "application_gateway_backend_address_pools_ids": [],
                "application_security_group_ids": [],
                "load_balancer_backend_address_pools_ids": [],
                "load_balancer_inbound_nat_rules_ids": [],
                "name": "testconfiguration1",
                "primary": true,
                "private_ip_address": "10.0.10.4",
                "private_ip_address_allocation": "dynamic",
                "private_ip_address_version": "IPv4",
                "public_ip_address_id": "",
                "subnet_id": "/subscriptions/b673823f-8997-4343-85c5-67df9e834346/resourceGroups/Terraform-Azure-MySQL-ES21/providers/Microsoft.Network/virtualNetworks/vnet/subnets/es21subnet"
              }
            ],
            "location": "eastus",
            "mac_address": "00-22-48-21-82-EF",
            "name": "es21",
            "network_security_group_id": "",
            "private_ip_address": "10.0.10.4",
            "private_ip_addresses": [
              "10.0.10.4"
            ],
            "resource_group_name": "Terraform-Azure-MySQL-ES21",
            "tags": {},
            "virtual_machine_id": "/subscriptions/b673823f-8997-4343-85c5-67df9e834346/resourceGroups/Terraform-Azure-MySQL-ES21/providers/Microsoft.Compute/virtualMachines/es21-vm"
          },
          "sensitive_attributes": [],
          "private": "bnVsbA==",
          "dependencies": [
            "azurerm_resource_group.es21",
            "azurerm_subnet.es21",
            "azurerm_virtual_network.vnet"
          ]
        }
      ]
    },
    {
      "mode": "managed",
      "type": "azurerm_network_security_group",
      "name": "tf-guide-sg",
      "provider": "provider[\"registry.terraform.io/hashicorp/azurerm\"]",
      "instances": [
        {
          "schema_version": 0,
          "attributes": {
            "id": "/subscriptions/b673823f-8997-4343-85c5-67df9e834346/resourceGroups/Terraform-Azure-MySQL-ES21/providers/Microsoft.Network/networkSecurityGroups/es21-sg",
            "location": "eastus",
            "name": "es21-sg",
            "resource_group_name": "Terraform-Azure-MySQL-ES21",
            "security_rule": [
              {
                "access": "Allow",
                "description": "",
                "destination_address_prefix": "*",
                "destination_address_prefixes": [],
                "destination_application_security_group_ids": [],
                "destination_port_range": "22",
                "destination_port_ranges": [],
                "direction": "Inbound",
                "name": "SSH",
                "priority": 101,
                "protocol": "Tcp",
                "source_address_prefix": "*",
                "source_address_prefixes": [],
                "source_application_security_group_ids": [],
                "source_port_range": "*",
                "source_port_ranges": []
              },
              {
                "access": "Allow",
                "description": "",
                "destination_address_prefix": "*",
                "destination_address_prefixes": [],
                "destination_application_security_group_ids": [],
                "destination_port_range": "80",
                "destination_port_ranges": [],
                "direction": "Inbound",
                "name": "HTTP",
                "priority": 100,
                "protocol": "Tcp",
                "source_address_prefix": "*",
                "source_address_prefixes": [],
                "source_application_security_group_ids": [],
                "source_port_range": "*",
                "source_port_ranges": []
              }
            ],
            "tags": {}
          },
          "sensitive_attributes": [],
          "private": "bnVsbA==",
          "dependencies": [
            "azurerm_resource_group.es21"
          ]
        }
      ]
    },
    {
      "mode": "managed",
      "type": "azurerm_public_ip",
      "name": "es21",
      "provider": "provider[\"registry.terraform.io/hashicorp/azurerm\"]",
      "instances": [
        {
          "schema_version": 0,
          "attributes": {
            "allocation_method": "Static",
            "domain_name_label": null,
            "fqdn": null,
            "id": "/subscriptions/b673823f-8997-4343-85c5-67df9e834346/resourceGroups/Terraform-Azure-MySQL-ES21/providers/Microsoft.Network/publicIPAddresses/es21ip",
            "idle_timeout_in_minutes": 4,
            "ip_address": "40.71.61.96",
            "ip_version": "IPv4",
            "location": "eastus",
            "name": "es21ip",
            "public_ip_address_allocation": "Static",
            "public_ip_prefix_id": null,
            "resource_group_name": "Terraform-Azure-MySQL-ES21",
            "reverse_fqdn": null,
            "sku": "Basic",
            "tags": {},
            "zones": []
          },
          "sensitive_attributes": [],
          "private": "bnVsbA==",
          "dependencies": [
            "azurerm_resource_group.es21"
          ]
        }
      ]
    },
    {
      "mode": "managed",
      "type": "azurerm_resource_group",
      "name": "es21",
      "provider": "provider[\"registry.terraform.io/hashicorp/azurerm\"]",
      "instances": [
        {
          "schema_version": 0,
          "attributes": {
            "id": "/subscriptions/b673823f-8997-4343-85c5-67df9e834346/resourceGroups/Terraform-Azure-MySQL-ES21",
            "location": "eastus",
            "name": "Terraform-Azure-MySQL-ES21",
            "tags": {}
          },
          "sensitive_attributes": [],
          "private": "bnVsbA=="
        }
      ]
    },
    {
      "mode": "managed",
      "type": "azurerm_subnet",
      "name": "es21",
      "provider": "provider[\"registry.terraform.io/hashicorp/azurerm\"]",
      "instances": [
        {
          "schema_version": 0,
          "attributes": {
            "address_prefix": "10.0.10.0/24",
            "delegation": [],
            "enforce_private_link_endpoint_network_policies": false,
            "enforce_private_link_service_network_policies": false,
            "id": "/subscriptions/b673823f-8997-4343-85c5-67df9e834346/resourceGroups/Terraform-Azure-MySQL-ES21/providers/Microsoft.Network/virtualNetworks/vnet/subnets/es21subnet",
            "ip_configurations": [
              "/subscriptions/b673823f-8997-4343-85c5-67df9e834346/resourceGroups/Terraform-Azure-MySQL-ES21/providers/Microsoft.Network/networkInterfaces/es21/ipConfigurations/testconfiguration1"
            ],
            "name": "es21subnet",
            "network_security_group_id": "",
            "resource_group_name": "Terraform-Azure-MySQL-ES21",
            "route_table_id": "",
            "service_endpoints": [],
            "virtual_network_name": "vnet"
          },
          "sensitive_attributes": [],
          "private": "bnVsbA==",
          "dependencies": [
            "azurerm_resource_group.es21",
            "azurerm_virtual_network.vnet"
          ]
        }
      ]
    },
    {
      "mode": "managed",
      "type": "azurerm_virtual_machine",
      "name": "es21",
      "provider": "provider[\"registry.terraform.io/hashicorp/azurerm\"]",
      "instances": [
        {
          "schema_version": 0,
          "attributes": {
            "additional_capabilities": [],
            "availability_set_id": null,
            "boot_diagnostics": [],
            "delete_data_disks_on_termination": false,
            "delete_os_disk_on_termination": false,
            "id": "/subscriptions/b673823f-8997-4343-85c5-67df9e834346/resourceGroups/Terraform-Azure-MySQL-ES21/providers/Microsoft.Compute/virtualMachines/es21-vm",
            "identity": [],
            "license_type": null,
            "location": "eastus",
            "name": "es21-vm",
            "network_interface_ids": [
              "/subscriptions/b673823f-8997-4343-85c5-67df9e834346/resourceGroups/Terraform-Azure-MySQL-ES21/providers/Microsoft.Network/networkInterfaces/es21"
            ],
            "os_profile": [
              {
                "admin_password": "",
                "admin_username": "testadmin",
                "computer_name": "hostname",
                "custom_data": ""
              }
            ],
            "os_profile_linux_config": [
              {
                "disable_password_authentication": false,
                "ssh_keys": []
              }
            ],
            "os_profile_secrets": [],
            "os_profile_windows_config": [],
            "plan": [],
            "primary_network_interface_id": null,
            "proximity_placement_group_id": null,
            "resource_group_name": "Terraform-Azure-MySQL-ES21",
            "storage_data_disk": [],
            "storage_image_reference": [
              {
                "id": "",
                "offer": "UbuntuServer",
                "publisher": "Canonical",
                "sku": "16.04-LTS",
                "version": "latest"
              }
            ],
            "storage_os_disk": [
              {
                "caching": "ReadWrite",
                "create_option": "FromImage",
                "disk_size_gb": 30,
                "image_uri": "",
                "managed_disk_id": "/subscriptions/b673823f-8997-4343-85c5-67df9e834346/resourceGroups/Terraform-Azure-MySQL-ES21/providers/Microsoft.Compute/disks/myosdisk1",
                "managed_disk_type": "Standard_LRS",
                "name": "myosdisk1",
                "os_type": "Linux",
                "vhd_uri": "",
                "write_accelerator_enabled": false
              }
            ],
            "tags": {
              "environment": "staging"
            },
            "vm_size": "Standard_DS1_v2",
            "zones": []
          },
          "sensitive_attributes": [],
          "private": "bnVsbA==",
          "dependencies": [
            "azurerm_network_interface.es21",
            "azurerm_resource_group.es21",
            "azurerm_subnet.es21",
            "azurerm_virtual_network.vnet"
          ]
        }
      ]
    },
    {
      "mode": "managed",
      "type": "azurerm_virtual_network",
      "name": "vnet",
      "provider": "provider[\"registry.terraform.io/hashicorp/azurerm\"]",
      "instances": [
        {
          "schema_version": 0,
          "attributes": {
            "address_space": [
              "10.0.0.0/16"
            ],
            "ddos_protection_plan": [],
            "dns_servers": [],
            "id": "/subscriptions/b673823f-8997-4343-85c5-67df9e834346/resourceGroups/Terraform-Azure-MySQL-ES21/providers/Microsoft.Network/virtualNetworks/vnet",
            "location": "eastus",
            "name": "vnet",
            "resource_group_name": "Terraform-Azure-MySQL-ES21",
            "subnet": [
              {
                "address_prefix": "10.0.10.0/24",
                "id": "/subscriptions/b673823f-8997-4343-85c5-67df9e834346/resourceGroups/Terraform-Azure-MySQL-ES21/providers/Microsoft.Network/virtualNetworks/vnet/subnets/es21subnet",
                "name": "es21subnet",
                "security_group": ""
              }
            ],
            "tags": {}
          },
          "sensitive_attributes": [],
          "private": "bnVsbA==",
          "dependencies": [
            "azurerm_resource_group.es21"
          ]
        }
      ]
    }
  ]
}
